
Microsoft Visual Studio Solution File, Format Version 12.00
# Visual Studio Version 17
VisualStudioVersion = 17.8.34408.163
MinimumVisualStudioVersion = 10.0.40219.1
Project("{9A19103F-16F7-4668-BE54-9A1E7A4F7556}") = "WebApplication1", "WebApplication1\WebApplication1.csproj", "{ABF30E3C-4220-49E2-B191-FB685A695FDC}"
EndProject
Project("{FAE04EC0-301F-11D3-BF4B-00C04F79EFBC}") = "IntegrationTests", "IntegrationTests\IntegrationTests.csproj", "{2250BFF5-6C2C-4A0C-B30D-40C1253A582D}"
EndProject
Global
	GlobalSection(SolutionConfigurationPlatforms) = preSolution
		Debug|Any CPU = Debug|Any CPU
		Release|Any CPU = Release|Any CPU
	EndGlobalSection
	GlobalSection(ProjectConfigurationPlatforms) = postSolution
		{ABF30E3C-4220-49E2-B191-FB685A695FDC}.Debug|Any CPU.ActiveCfg = Debug|Any CPU
		{ABF30E3C-4220-49E2-B191-FB685A695FDC}.Debug|Any CPU.Build.0 = Debug|Any CPU
		{ABF30E3C-4220-49E2-B191-FB685A695FDC}.Release|Any CPU.ActiveCfg = Release|Any CPU
		{ABF30E3C-4220-49E2-B191-FB685A695FDC}.Release|Any CPU.Build.0 = Release|Any CPU
		{2250BFF5-6C2C-4A0C-B30D-40C1253A582D}.Debug|Any CPU.ActiveCfg = Debug|Any CPU
		{2250BFF5-6C2C-4A0C-B30D-40C1253A582D}.Debug|Any CPU.Build.0 = Debug|Any CPU
		{2250BFF5-6C2C-4A0C-B30D-40C1253A582D}.Release|Any CPU.ActiveCfg = Release|Any CPU
		{2250BFF5-6C2C-4A0C-B30D-40C1253A582D}.Release|Any CPU.Build.0 = Release|Any CPU
	EndGlobalSection
	GlobalSection(SolutionProperties) = preSolution
		HideSolutionNode = FALSE
	EndGlobalSection
	GlobalSection(ExtensibilityGlobals) = postSolution
		SolutionGuid = {80AED698-1249-4AA0-8ED6-1DD6D046827B}
	EndGlobalSection
EndGlobal
